
Microsoft Visual Studio Solution File, Format Version 12.00
# Visual Studio 15
VisualStudioVersion = 15.0.27130.2027
MinimumVisualStudioVersion = 10.0.40219.1
Project("{FAE04EC0-301F-11D3-BF4B-00C04F79EFBC}") = "DefiningQuerySample", "DefiningQuerySample\DefiningQuerySample.csproj", "{0BE04C86-C52F-4226-A0A0-A1B58888312E}"
EndProject
Global
	GlobalSection(SolutionConfigurationPlatforms) = preSolution
		Debug|Any CPU = Debug|Any CPU
		Release|Any CPU = Release|Any CPU
	EndGlobalSection
	GlobalSection(ProjectConfigurationPlatforms) = postSolution
		{0BE04C86-C52F-4226-A0A0-A1B58888312E}.Debug|Any CPU.ActiveCfg = Debug|Any CPU
		{0BE04C86-C52F-4226-A0A0-A1B58888312E}.Debug|Any CPU.Build.0 = Debug|Any CPU
		{0BE04C86-C52F-4226-A0A0-A1B58888312E}.Release|Any CPU.ActiveCfg = Release|Any CPU
		{0BE04C86-C52F-4226-A0A0-A1B58888312E}.Release|Any CPU.Build.0 = Release|Any CPU
	EndGlobalSection
	GlobalSection(SolutionProperties) = preSolution
		HideSolutionNode = FALSE
	EndGlobalSection
	GlobalSection(ExtensibilityGlobals) = postSolution
		SolutionGuid = {01AF1149-32C8-417B-A466-1646FF668C70}
	EndGlobalSection
EndGlobal
