
Microsoft Visual Studio Solution File, Format Version 12.00
# Visual Studio 15
VisualStudioVersion = 15.0.27130.2027
MinimumVisualStudioVersion = 10.0.40219.1
Project("{FAE04EC0-301F-11D3-BF4B-00C04F79EFBC}") = "WPFwithEFSample", "WPFwithEFSample.csproj", "{B81B3914-63CC-4E37-AB52-438DE6243255}"
EndProject
Global
	GlobalSection(SolutionConfigurationPlatforms) = preSolution
		Debug|Any CPU = Debug|Any CPU
		Release|Any CPU = Release|Any CPU
	EndGlobalSection
	GlobalSection(ProjectConfigurationPlatforms) = postSolution
		{B81B3914-63CC-4E37-AB52-438DE6243255}.Debug|Any CPU.ActiveCfg = Debug|Any CPU
		{B81B3914-63CC-4E37-AB52-438DE6243255}.Debug|Any CPU.Build.0 = Debug|Any CPU
		{B81B3914-63CC-4E37-AB52-438DE6243255}.Release|Any CPU.ActiveCfg = Release|Any CPU
		{B81B3914-63CC-4E37-AB52-438DE6243255}.Release|Any CPU.Build.0 = Release|Any CPU
	EndGlobalSection
	GlobalSection(SolutionProperties) = preSolution
		HideSolutionNode = FALSE
	EndGlobalSection
	GlobalSection(ExtensibilityGlobals) = postSolution
		SolutionGuid = {B6C3F2B3-B5FF-4053-8BB7-777BE293BC6A}
	EndGlobalSection
EndGlobal
