
Microsoft Visual Studio Solution File, Format Version 12.00
# Visual Studio 15
VisualStudioVersion = 15.0.27130.2027
MinimumVisualStudioVersion = 10.0.40219.1
Project("{FAE04EC0-301F-11D3-BF4B-00C04F79EFBC}") = "Hangfire.Highlighter", "Hangfire.Highlighter\Hangfire.Highlighter.csproj", "{F24D8FD1-79FA-4CB9-B497-34E615EA3EB7}"
EndProject
Global
	GlobalSection(SolutionConfigurationPlatforms) = preSolution
		Debug|Any CPU = Debug|Any CPU
		Release|Any CPU = Release|Any CPU
	EndGlobalSection
	GlobalSection(ProjectConfigurationPlatforms) = postSolution
		{F24D8FD1-79FA-4CB9-B497-34E615EA3EB7}.Debug|Any CPU.ActiveCfg = Debug|Any CPU
		{F24D8FD1-79FA-4CB9-B497-34E615EA3EB7}.Debug|Any CPU.Build.0 = Debug|Any CPU
		{F24D8FD1-79FA-4CB9-B497-34E615EA3EB7}.Release|Any CPU.ActiveCfg = Release|Any CPU
		{F24D8FD1-79FA-4CB9-B497-34E615EA3EB7}.Release|Any CPU.Build.0 = Release|Any CPU
	EndGlobalSection
	GlobalSection(SolutionProperties) = preSolution
		HideSolutionNode = FALSE
	EndGlobalSection
	GlobalSection(ExtensibilityGlobals) = postSolution
		SolutionGuid = {49222870-13EE-4A73-B01F-1E33A5D5EF26}
	EndGlobalSection
EndGlobal
