
Microsoft Visual Studio Solution File, Format Version 12.00
# Visual Studio 15
VisualStudioVersion = 15.0.27130.2027
MinimumVisualStudioVersion = 10.0.40219.1
Project("{FAE04EC0-301F-11D3-BF4B-00C04F79EFBC}") = "WPFwithEFSample", "WPFwithEFSample.csproj", "{09D33082-39A5-4758-80DA-2BB01BA5107B}"
EndProject
Global
	GlobalSection(SolutionConfigurationPlatforms) = preSolution
		Debug|Any CPU = Debug|Any CPU
		Release|Any CPU = Release|Any CPU
	EndGlobalSection
	GlobalSection(ProjectConfigurationPlatforms) = postSolution
		{09D33082-39A5-4758-80DA-2BB01BA5107B}.Debug|Any CPU.ActiveCfg = Debug|Any CPU
		{09D33082-39A5-4758-80DA-2BB01BA5107B}.Debug|Any CPU.Build.0 = Debug|Any CPU
		{09D33082-39A5-4758-80DA-2BB01BA5107B}.Release|Any CPU.ActiveCfg = Release|Any CPU
		{09D33082-39A5-4758-80DA-2BB01BA5107B}.Release|Any CPU.Build.0 = Release|Any CPU
	EndGlobalSection
	GlobalSection(SolutionProperties) = preSolution
		HideSolutionNode = FALSE
	EndGlobalSection
	GlobalSection(ExtensibilityGlobals) = postSolution
		SolutionGuid = {193B232D-D010-43F1-826E-A64E26E9E830}
	EndGlobalSection
EndGlobal
